<?xml version="1.0" encoding="utf-8"?>
<Project ToolsVersion="4.0" xmlns="http://schemas.microsoft.com/developer/msbuild/2003">
  <ItemGroup>
    <ClCompile Include="Program.cpp" />
    <ClCompile Include="stdafx.cpp" />
    <ClCompile Include="App\App.cpp" />
    <ClCompile Include="App\Game.cpp" />
    <ClCompile Include="Rendering\Rect.cpp" />
    <ClCompile Include="Rendering\Vertex.cpp" />
    <ClCompile Include="Framework\Core\Subsystem\Graphics.cpp" />
    <ClCompile Include="Framework\Core\Settings.cpp" />
    <ClCompile Include="Framework\Core\Window.cpp" />
    <ClCompile Include="Framework\Core\Subsystem\Input.cpp" />
    <ClCompile Include="Framework\Core\Subsystem\Timer.cpp" />
  </ItemGroup>
  <ItemGroup>
    <ClInclude Include="stdafx.h" />
    <ClInclude Include="App\App.h" />
    <ClInclude Include="App\Game.h" />
    <ClInclude Include="Rendering\Rect.h" />
    <ClInclude Include="Rendering\Vertex.h" />
    <ClInclude Include="Framework\Core\Subsystem\ISubsystem.h" />
    <ClInclude Include="Framework\Core\Context.h" />
    <ClInclude Include="Framework\Core\Subsystem\Graphics.h" />
    <ClInclude Include="Framework\Core\Settings.h" />
    <ClInclude Include="Framework\Core\Window.h" />
    <ClInclude Include="Framework\Core\Subsystem\Input.h" />
    <ClInclude Include="Framework\Core\Subsystem\Timer.h" />
  </ItemGroup>
</Project>