<?xml version="1.0" encoding="utf-8"?>
<Project ToolsVersion="4.0" xmlns="http://schemas.microsoft.com/developer/msbuild/2003">
  <ItemGroup>
    <ClCompile Include="Program.cpp" />
    <ClCompile Include="stdafx.cpp" />
    <ClCompile Include="App\App.cpp" />
    <ClCompile Include="App\Game.cpp" />
    <ClCompile Include="Framework\Core\Subsystem\Graphics.cpp" />
    <ClCompile Include="Framework\Core\Settings.cpp" />
    <ClCompile Include="Framework\Core\Window.cpp" />
    <ClCompile Include="Framework\Core\Subsystem\Input.cpp" />
    <ClCompile Include="Framework\Core\Subsystem\Timer.cpp" />
    <ClCompile Include="Framework\Core\D3D11\IAStage\VertexBuffer.cpp" />
    <ClCompile Include="Framework\Core\D3D11\IAStage\IndexBuffer.cpp" />
    <ClCompile Include="Framework\Core\D3D11\ShaderStage\BaseShader.cpp" />
    <ClCompile Include="Framework\Core\D3D11\ShaderStage\VertexShader.cpp" />
    <ClCompile Include="Framework\Core\D3D11\ShaderStage\PixelShader.cpp" />
    <ClCompile Include="Framework\Core\D3D11\IAStage\InputLayout.cpp" />
    <ClCompile Include="Framework\Core\D3D11\BasicData\Vertex.cpp" />
    <ClCompile Include="Framework\Rendering\Rect.cpp" />
    <ClCompile Include="Framework\Utility\GeometryUtility.cpp" />
    <ClCompile Include="Framework\Core\D3D11\ShaderStage\ConstantBuffer.cpp" />
    <ClCompile Include="Framework\Resource\Texture.cpp" />
    <ClCompile Include="Framework\Math\Math.cpp" />
    <ClCompile Include="Framework\Core\Subsystem\ResourceManager.cpp" />
    <ClCompile Include="Framework\Utility\FileSystem.cpp" />
    <ClCompile Include="Framework\Scene\Scene.cpp" />
    <ClCompile Include="Framework\Core\Subsystem\SceneManager.cpp" />
    <ClCompile Include="Framework\Scene\Component\Camera.cpp" />
    <ClCompile Include="Framework\Resource\Animation.cpp" />
    <ClCompile Include="Framework\Scene\Component\Animator.cpp" />
    <ClCompile Include="Framework\Utility\Xml.cpp" />
    <ClCompile Include="Framework\Resource\Material.cpp" />
    <ClCompile Include="Framework\Resource\AudioClip.cpp" />
    <ClCompile Include="Framework\Core\Subsystem\Audio.cpp" />
    <ClCompile Include="Framework\Scene\Component\AudioSource.cpp" />
    <ClCompile Include="Framework\Math\BoundBox.cpp" />
    <ClCompile Include="Framework\Scene\Component\Transform.cpp" />
    <ClCompile Include="Framework\Math\Vector2.cpp" />
    <ClCompile Include="Framework\Math\Vector3.cpp" />
    <ClCompile Include="Framework\Math\Matrix.cpp" />
    <ClCompile Include="Framework\Math\Color.cpp" />
    <ClCompile Include="Framework\Core\Subsystem\DirectWrite.cpp" />
    <ClCompile Include="Framework\Scene\Component\Collider.cpp" />
    <ClCompile Include="Framework\Core\Subsystem\ColliderManager.cpp" />
    <ClCompile Include="Framework\Resource\Effect.cpp" />
    <ClCompile Include="Framework\Core\Subsystem\EffectManager.cpp" />
    <ClCompile Include="Framework\Core\D3D11\OMStage\RenderTexture.cpp" />
  </ItemGroup>
  <ItemGroup>
    <ClInclude Include="stdafx.h" />
    <ClInclude Include="App\App.h" />
    <ClInclude Include="App\Game.h" />
    <ClInclude Include="Framework\Core\Subsystem\ISubsystem.h" />
    <ClInclude Include="Framework\Core\Context.h" />
    <ClInclude Include="Framework\Core\Subsystem\Graphics.h" />
    <ClInclude Include="Framework\Core\Settings.h" />
    <ClInclude Include="Framework\Core\Window.h" />
    <ClInclude Include="Framework\Core\Subsystem\Input.h" />
    <ClInclude Include="Framework\Core\Subsystem\Timer.h" />
    <ClInclude Include="Framework\Core\D3D11\IAStage\VertexBuffer.h" />
    <ClInclude Include="Framework\Core\D3D11\IAStage\IndexBuffer.h" />
    <ClInclude Include="Framework\Core\D3D11\ShaderStage\BaseShader.h" />
    <ClInclude Include="Framework\Core\D3D11\ShaderStage\VertexShader.h" />
    <ClInclude Include="Framework\Core\D3D11\ShaderStage\PixelShader.h" />
    <ClInclude Include="Framework\Core\D3D11\IAStage\InputLayout.h" />
    <ClInclude Include="Framework\Core\D3D11\BasicData\Vertex.h" />
    <ClInclude Include="Framework\Core\D3D11\BasicData\Geometry.h" />
    <ClInclude Include="Framework\Rendering\Rect.h" />
    <ClInclude Include="Framework\Utility\GeometryUtility.h" />
    <ClInclude Include="Framework\Core\D3D11\BasicData\Config.h" />
    <ClInclude Include="Framework\Core\D3D11\ShaderStage\ConstantBuffer.h" />
    <ClInclude Include="Framework\Resource\Texture.h" />
    <ClInclude Include="Framework\Math\Math.h" />
    <ClInclude Include="Framework\Resource\IResource.h" />
    <ClInclude Include="Framework\Core\Subsystem\ResourceManager.h" />
    <ClInclude Include="Framework\Utility\FileSystem.h" />
    <ClInclude Include="Framework\Scene\Scene.h" />
    <ClInclude Include="Framework\Core\Subsystem\SceneManager.h" />
    <ClInclude Include="Framework\Scene\Component\Camera.h" />
    <ClInclude Include="Framework\Resource\Animation.h" />
    <ClInclude Include="Framework\Scene\Component\Animator.h" />
    <ClInclude Include="Framework\Utility\Xml.h" />
    <ClInclude Include="Framework\Resource\Material.h" />
    <ClInclude Include="Framework\Resource\AudioClip.h" />
    <ClInclude Include="Framework\Core\Subsystem\Audio.h" />
    <ClInclude Include="Framework\Scene\Component\AudioSource.h" />
    <ClInclude Include="Framework\Math\BoundBox.h" />
    <ClInclude Include="Framework\Scene\Component\Transform.h" />
    <ClInclude Include="Framework\Math\Vector2.h" />
    <ClInclude Include="Framework\Math\Vector3.h" />
    <ClInclude Include="Framework\Math\Matrix.h" />
    <ClInclude Include="Framework\Math\Color.h" />
    <ClInclude Include="Framework\Core\Subsystem\DirectWrite.h" />
    <ClInclude Include="Framework\Scene\Component\Collider.h" />
    <ClInclude Include="Framework\Core\Subsystem\ColliderManager.h" />
    <ClInclude Include="Framework\Resource\Effect.h" />
    <ClInclude Include="Framework\Core\Subsystem\EffectManager.h" />
    <ClInclude Include="Framework\Core\D3D11\OMStage\RenderTexture.h" />
  </ItemGroup>
  <ItemGroup>
    <None Include="Framework\Core\D3D11\BasicData\Geometry.inl" />
  </ItemGroup>
</Project>